{
  "name": "claritas-portable-node-cli-fixture",
  "version": "1.0.0",
  "lockfileVersion": 3,
  "requires": true,
  "packages": {
    "": {
      "name": "claritas-portable-node-cli-fixture",
      "version": "1.0.0",
      "bin": {
        "claritas-portable-node-cli": "cli.js"
      },
      "engines": {
        "node": ">=22"
      }
    }
  }
}
